// !$*UTF8*$!
{
	archiveVersion = 1;
	classes = {
	};
	objectVersion = 46;
	objects = {

/* Begin PBXBuildFile section */
		CB748B0F1C92657B0099D67C /* OldStyleViewController.m in Sources */ = {isa = PBXBuildFile; fileRef = CB748B0E1C92657B0099D67C /* OldStyleViewController.m */; };
		CB748B121C92833F0099D67C /* Box.swift in Sources */ = {isa = PBXBuildFile; fileRef = CB748B111C92833F0099D67C /* Box.swift */; };
		CBB4A44D1C9224F600D81D95 /* main.m in Sources */ = {isa = PBXBuildFile; fileRef = CBB4A44C1C9224F600D81D95 /* main.m */; };
		CBB4A4501C9224F600D81D95 /* AppDelegate.m in Sources */ = {isa = PBXBuildFile; fileRef = CBB4A44F1C9224F600D81D95 /* AppDelegate.m */; };
		CBB4A4531C9224F600D81D95 /* ObjCEnumViewController.m in Sources */ = {isa = PBXBuildFile; fileRef = CBB4A4521C9224F600D81D95 /* ObjCEnumViewController.m */; };
		CBB4A4561C9224F600D81D95 /* Main.storyboard in Resources */ = {isa = PBXBuildFile; fileRef = CBB4A4541C9224F600D81D95 /* Main.storyboard */; };
		CBB4A4581C9224F600D81D95 /* Assets.xcassets in Resources */ = {isa = PBXBuildFile; fileRef = CBB4A4571C9224F600D81D95 /* Assets.xcassets */; };
		CBB4A45B1C9224F600D81D95 /* LaunchScreen.storyboard in Resources */ = {isa = PBXBuildFile; fileRef = CBB4A4591C9224F600D81D95 /* LaunchScreen.storyboard */; };
		CBB4A4661C9224F600D81D95 /* interopTests.m in Sources */ = {isa = PBXBuildFile; fileRef = CBB4A4651C9224F600D81D95 /* interopTests.m */; };
		CBB4A4721C92252500D81D95 /* IconView.swift in Sources */ = {isa = PBXBuildFile; fileRef = CBB4A4711C92252500D81D95 /* IconView.swift */; };
		CBB4A4741C92298500D81D95 /* SwiftVCViewController.swift in Sources */ = {isa = PBXBuildFile; fileRef = CBB4A4731C92298500D81D95 /* SwiftVCViewController.swift */; };
		CBB4A4791C924B7400D81D95 /* OldStyleViewController.swift in Sources */ = {isa = PBXBuildFile; fileRef = CBB4A4781C924B7400D81D95 /* OldStyleViewController.swift */; };
/* End PBXBuildFile section */

/* Begin PBXContainerItemProxy section */
		CBB4A4621C9224F600D81D95 /* PBXContainerItemProxy */ = {
			isa = PBXContainerItemProxy;
			containerPortal = CBB4A4401C9224F600D81D95 /* Project object */;
			proxyType = 1;
			remoteGlobalIDString = CBB4A4471C9224F600D81D95;
			remoteInfo = interop;
		};
/* End PBXContainerItemProxy section */

/* Begin PBXFileReference section */
		CB748B0D1C92657B0099D67C /* OldStyleViewController.h */ = {isa = PBXFileReference; fileEncoding = 4; lastKnownFileType = sourcecode.c.h; name = OldStyleViewController.h; path = "swift-enums/OldStyleViewController.h"; sourceTree = "<group>"; };
		CB748B0E1C92657B0099D67C /* OldStyleViewController.m */ = {isa = PBXFileReference; fileEncoding = 4; lastKnownFileType = sourcecode.c.objc; name = OldStyleViewController.m; path = "swift-enums/OldStyleViewController.m"; sourceTree = "<group>"; };
		CB748B111C92833F0099D67C /* Box.swift */ = {isa = PBXFileReference; fileEncoding = 4; lastKnownFileType = sourcecode.swift; name = Box.swift; path = "swift-enums/Box.swift"; sourceTree = "<group>"; };
		CBB4A4481C9224F600D81D95 /* interop.app */ = {isa = PBXFileReference; explicitFileType = wrapper.application; includeInIndex = 0; path = interop.app; sourceTree = BUILT_PRODUCTS_DIR; };
		CBB4A44C1C9224F600D81D95 /* main.m */ = {isa = PBXFileReference; lastKnownFileType = sourcecode.c.objc; path = main.m; sourceTree = "<group>"; };
		CBB4A44E1C9224F600D81D95 /* AppDelegate.h */ = {isa = PBXFileReference; lastKnownFileType = sourcecode.c.h; path = AppDelegate.h; sourceTree = "<group>"; };
		CBB4A44F1C9224F600D81D95 /* AppDelegate.m */ = {isa = PBXFileReference; lastKnownFileType = sourcecode.c.objc; path = AppDelegate.m; sourceTree = "<group>"; };
		CBB4A4511C9224F600D81D95 /* ObjCEnumViewController.h */ = {isa = PBXFileReference; lastKnownFileType = sourcecode.c.h; name = ObjCEnumViewController.h; path = "swift-enums/ObjCEnumViewController.h"; sourceTree = "<group>"; };
		CBB4A4521C9224F600D81D95 /* ObjCEnumViewController.m */ = {isa = PBXFileReference; lastKnownFileType = sourcecode.c.objc; name = ObjCEnumViewController.m; path = "swift-enums/ObjCEnumViewController.m"; sourceTree = "<group>"; };
		CBB4A4551C9224F600D81D95 /* Base */ = {isa = PBXFileReference; lastKnownFileType = file.storyboard; name = Base; path = Base.lproj/Main.storyboard; sourceTree = "<group>"; };
		CBB4A4571C9224F600D81D95 /* Assets.xcassets */ = {isa = PBXFileReference; lastKnownFileType = folder.assetcatalog; path = Assets.xcassets; sourceTree = "<group>"; };
		CBB4A45A1C9224F600D81D95 /* Base */ = {isa = PBXFileReference; lastKnownFileType = file.storyboard; name = Base; path = Base.lproj/LaunchScreen.storyboard; sourceTree = "<group>"; };
		CBB4A45C1C9224F600D81D95 /* Info.plist */ = {isa = PBXFileReference; lastKnownFileType = text.plist.xml; path = Info.plist; sourceTree = "<group>"; };
		CBB4A4611C9224F600D81D95 /* interopTests.xctest */ = {isa = PBXFileReference; explicitFileType = wrapper.cfbundle; includeInIndex = 0; path = interopTests.xctest; sourceTree = BUILT_PRODUCTS_DIR; };
		CBB4A4651C9224F600D81D95 /* interopTests.m */ = {isa = PBXFileReference; lastKnownFileType = sourcecode.c.objc; path = interopTests.m; sourceTree = "<group>"; };
		CBB4A4671C9224F600D81D95 /* Info.plist */ = {isa = PBXFileReference; lastKnownFileType = text.plist.xml; path = Info.plist; sourceTree = "<group>"; };
		CBB4A4701C92252400D81D95 /* interop-Bridging-Header.h */ = {isa = PBXFileReference; lastKnownFileType = sourcecode.c.h; path = "interop-Bridging-Header.h"; sourceTree = "<group>"; };
		CBB4A4711C92252500D81D95 /* IconView.swift */ = {isa = PBXFileReference; fileEncoding = 4; lastKnownFileType = sourcecode.swift; name = IconView.swift; path = "swift-enums/IconView.swift"; sourceTree = "<group>"; };
		CBB4A4731C92298500D81D95 /* SwiftVCViewController.swift */ = {isa = PBXFileReference; fileEncoding = 4; lastKnownFileType = sourcecode.swift; name = SwiftVCViewController.swift; path = "swift-enums/SwiftVCViewController.swift"; sourceTree = "<group>"; };
		CBB4A4781C924B7400D81D95 /* OldStyleViewController.swift */ = {isa = PBXFileReference; fileEncoding = 4; lastKnownFileType = sourcecode.swift; name = OldStyleViewController.swift; path = "swift-enums/OldStyleViewController.swift"; sourceTree = "<group>"; };
/* End PBXFileReference section */

/* Begin PBXFrameworksBuildPhase section */
		CBB4A4451C9224F600D81D95 /* Frameworks */ = {
			isa = PBXFrameworksBuildPhase;
			buildActionMask = 2147483647;
			files = (
			);
			runOnlyForDeploymentPostprocessing = 0;
		};
		CBB4A45E1C9224F600D81D95 /* Frameworks */ = {
			isa = PBXFrameworksBuildPhase;
			buildActionMask = 2147483647;
			files = (
			);
			runOnlyForDeploymentPostprocessing = 0;
		};
/* End PBXFrameworksBuildPhase section */

/* Begin PBXGroup section */
		CB748B101C9282E20099D67C /* view controllers */ = {
			isa = PBXGroup;
			children = (
				CBB4A4511C9224F600D81D95 /* ObjCEnumViewController.h */,
				CBB4A4521C9224F600D81D95 /* ObjCEnumViewController.m */,
				CB748B0D1C92657B0099D67C /* OldStyleViewController.h */,
				CB748B0E1C92657B0099D67C /* OldStyleViewController.m */,
				CBB4A4781C924B7400D81D95 /* OldStyleViewController.swift */,
				CBB4A4731C92298500D81D95 /* SwiftVCViewController.swift */,
			);
			name = "view controllers";
			sourceTree = "<group>";
		};
		CB748B151C92B16F0099D67C /* enums */ = {
			isa = PBXGroup;
			children = (
				CBB4A4711C92252500D81D95 /* IconView.swift */,
				CB748B111C92833F0099D67C /* Box.swift */,
				CB748B101C9282E20099D67C /* view controllers */,
			);
			name = enums;
			sourceTree = "<group>";
		};
		CBB4A43F1C9224F600D81D95 = {
			isa = PBXGroup;
			children = (
				CBB4A44A1C9224F600D81D95 /* interop */,
				CBB4A4641C9224F600D81D95 /* interopTests */,
				CBB4A4491C9224F600D81D95 /* Products */,
				CBB4A4701C92252400D81D95 /* interop-Bridging-Header.h */,
			);
			sourceTree = "<group>";
		};
		CBB4A4491C9224F600D81D95 /* Products */ = {
			isa = PBXGroup;
			children = (
				CBB4A4481C9224F600D81D95 /* interop.app */,
				CBB4A4611C9224F600D81D95 /* interopTests.xctest */,
			);
			name = Products;
			sourceTree = "<group>";
		};
		CBB4A44A1C9224F600D81D95 /* interop */ = {
			isa = PBXGroup;
			children = (
				CBB4A4541C9224F600D81D95 /* Main.storyboard */,
				CB748B151C92B16F0099D67C /* enums */,
				CBB4A44B1C9224F600D81D95 /* Supporting Files */,
			);
			path = interop;
			sourceTree = "<group>";
		};
		CBB4A44B1C9224F600D81D95 /* Supporting Files */ = {
			isa = PBXGroup;
			children = (
				CBB4A4571C9224F600D81D95 /* Assets.xcassets */,
				CBB4A4591C9224F600D81D95 /* LaunchScreen.storyboard */,
				CBB4A45C1C9224F600D81D95 /* Info.plist */,
				CBB4A44E1C9224F600D81D95 /* AppDelegate.h */,
				CBB4A44F1C9224F600D81D95 /* AppDelegate.m */,
				CBB4A44C1C9224F600D81D95 /* main.m */,
			);
			name = "Supporting Files";
			sourceTree = "<group>";
		};
		CBB4A4641C9224F600D81D95 /* interopTests */ = {
			isa = PBXGroup;
			children = (
				CBB4A4651C9224F600D81D95 /* interopTests.m */,
				CBB4A4671C9224F600D81D95 /* Info.plist */,
			);
			path = interopTests;
			sourceTree = "<group>";
		};
/* End PBXGroup section */

/* Begin PBXNativeTarget section */
		CBB4A4471C9224F600D81D95 /* interop */ = {
			isa = PBXNativeTarget;
			buildConfigurationList = CBB4A46A1C9224F600D81D95 /* Build configuration list for PBXNativeTarget "interop" */;
			buildPhases = (
				CBB4A4441C9224F600D81D95 /* Sources */,
				CBB4A4451C9224F600D81D95 /* Frameworks */,
				CBB4A4461C9224F600D81D95 /* Resources */,
			);
			buildRules = (
			);
			dependencies = (
			);
			name = interop;
			productName = interop;
			productReference = CBB4A4481C9224F600D81D95 /* interop.app */;
			productType = "com.apple.product-type.application";
		};
		CBB4A4601C9224F600D81D95 /* interopTests */ = {
			isa = PBXNativeTarget;
			buildConfigurationList = CBB4A46D1C9224F600D81D95 /* Build configuration list for PBXNativeTarget "interopTests" */;
			buildPhases = (
				CBB4A45D1C9224F600D81D95 /* Sources */,
				CBB4A45E1C9224F600D81D95 /* Frameworks */,
				CBB4A45F1C9224F600D81D95 /* Resources */,
			);
			buildRules = (
			);
			dependencies = (
				CBB4A4631C9224F600D81D95 /* PBXTargetDependency */,
			);
			name = interopTests;
			productName = interopTests;
			productReference = CBB4A4611C9224F600D81D95 /* interopTests.xctest */;
			productType = "com.apple.product-type.bundle.unit-test";
		};
/* End PBXNativeTarget section */

/* Begin PBXProject section */
		CBB4A4401C9224F600D81D95 /* Project object */ = {
			isa = PBXProject;
			attributes = {
				LastUpgradeCheck = 0720;
				ORGANIZATIONNAME = IkeGPS;
				TargetAttributes = {
					CBB4A4471C9224F600D81D95 = {
						CreatedOnToolsVersion = 7.2.1;
					};
					CBB4A4601C9224F600D81D95 = {
						CreatedOnToolsVersion = 7.2.1;
						TestTargetID = CBB4A4471C9224F600D81D95;
					};
				};
			};
			buildConfigurationList = CBB4A4431C9224F600D81D95 /* Build configuration list for PBXProject "interop" */;
			compatibilityVersion = "Xcode 3.2";
			developmentRegion = English;
			hasScannedForEncodings = 0;
			knownRegions = (
				en,
				Base,
			);
			mainGroup = CBB4A43F1C9224F600D81D95;
			productRefGroup = CBB4A4491C9224F600D81D95 /* Products */;
			projectDirPath = "";
			projectRoot = "";
			targets = (
				CBB4A4471C9224F600D81D95 /* interop */,
				CBB4A4601C9224F600D81D95 /* interopTests */,
			);
		};
/* End PBXProject section */

/* Begin PBXResourcesBuildPhase section */
		CBB4A4461C9224F600D81D95 /* Resources */ = {
			isa = PBXResourcesBuildPhase;
			buildActionMask = 2147483647;
			files = (
				CBB4A45B1C9224F600D81D95 /* LaunchScreen.storyboard in Resources */,
				CBB4A4581C9224F600D81D95 /* Assets.xcassets in Resources */,
				CBB4A4561C9224F600D81D95 /* Main.storyboard in Resources */,
			);
			runOnlyForDeploymentPostprocessing = 0;
		};
		CBB4A45F1C9224F600D81D95 /* Resources */ = {
			isa = PBXResourcesBuildPhase;
			buildActionMask = 2147483647;
			files = (
			);
			runOnlyForDeploymentPostprocessing = 0;
		};
/* End PBXResourcesBuildPhase section */

/* Begin PBXSourcesBuildPhase section */
		CBB4A4441C9224F600D81D95 /* Sources */ = {
			isa = PBXSourcesBuildPhase;
			buildActionMask = 2147483647;
			files = (
				CBB4A4531C9224F600D81D95 /* ObjCEnumViewController.m in Sources */,
				CBB4A4501C9224F600D81D95 /* AppDelegate.m in Sources */,
				CB748B0F1C92657B0099D67C /* OldStyleViewController.m in Sources */,
				CBB4A4721C92252500D81D95 /* IconView.swift in Sources */,
				CBB4A44D1C9224F600D81D95 /* main.m in Sources */,
				CB748B121C92833F0099D67C /* Box.swift in Sources */,
				CBB4A4741C92298500D81D95 /* SwiftVCViewController.swift in Sources */,
				CBB4A4791C924B7400D81D95 /* OldStyleViewController.swift in Sources */,
			);
			runOnlyForDeploymentPostprocessing = 0;
		};
		CBB4A45D1C9224F600D81D95 /* Sources */ = {
			isa = PBXSourcesBuildPhase;
			buildActionMask = 2147483647;
			files = (
				CBB4A4661C9224F600D81D95 /* interopTests.m in Sources */,
			);
			runOnlyForDeploymentPostprocessing = 0;
		};
/* End PBXSourcesBuildPhase section */

/* Begin PBXTargetDependency section */
		CBB4A4631C9224F600D81D95 /* PBXTargetDependency */ = {
			isa = PBXTargetDependency;
			target = CBB4A4471C9224F600D81D95 /* interop */;
			targetProxy = CBB4A4621C9224F600D81D95 /* PBXContainerItemProxy */;
		};
/* End PBXTargetDependency section */

/* Begin PBXVariantGroup section */
		CBB4A4541C9224F600D81D95 /* Main.storyboard */ = {
			isa = PBXVariantGroup;
			children = (
				CBB4A4551C9224F600D81D95 /* Base */,
			);
			name = Main.storyboard;
			sourceTree = "<group>";
		};
		CBB4A4591C9224F600D81D95 /* LaunchScreen.storyboard */ = {
			isa = PBXVariantGroup;
			children = (
				CBB4A45A1C9224F600D81D95 /* Base */,
			);
			name = LaunchScreen.storyboard;
			sourceTree = "<group>";
		};
/* End PBXVariantGroup section */

/* Begin XCBuildConfiguration section */
		CBB4A4681C9224F600D81D95 /* Debug */ = {
			isa = XCBuildConfiguration;
			buildSettings = {
				ALWAYS_SEARCH_USER_PATHS = NO;
				CLANG_CXX_LANGUAGE_STANDARD = "gnu++0x";
				CLANG_CXX_LIBRARY = "libc++";
				CLANG_ENABLE_MODULES = YES;
				CLANG_ENABLE_OBJC_ARC = YES;
				CLANG_WARN_BOOL_CONVERSION = YES;
				CLANG_WARN_CONSTANT_CONVERSION = YES;
				CLANG_WARN_DIRECT_OBJC_ISA_USAGE = YES_ERROR;
				CLANG_WARN_EMPTY_BODY = YES;
				CLANG_WARN_ENUM_CONVERSION = YES;
				CLANG_WARN_INT_CONVERSION = YES;
				CLANG_WARN_OBJC_ROOT_CLASS = YES_ERROR;
				CLANG_WARN_UNREACHABLE_CODE = YES;
				CLANG_WARN__DUPLICATE_METHOD_MATCH = YES;
				"CODE_SIGN_IDENTITY[sdk=iphoneos*]" = "iPhone Developer";
				COPY_PHASE_STRIP = NO;
				DEBUG_INFORMATION_FORMAT = dwarf;
				ENABLE_STRICT_OBJC_MSGSEND = YES;
				ENABLE_TESTABILITY = YES;
				GCC_C_LANGUAGE_STANDARD = gnu99;
				GCC_DYNAMIC_NO_PIC = NO;
				GCC_NO_COMMON_BLOCKS = YES;
				GCC_OPTIMIZATION_LEVEL = 0;
				GCC_PREPROCESSOR_DEFINITIONS = (
					"DEBUG=1",
					"$(inherited)",
				);
				GCC_WARN_64_TO_32_BIT_CONVERSION = YES;
				GCC_WARN_ABOUT_RETURN_TYPE = YES_ERROR;
				GCC_WARN_UNDECLARED_SELECTOR = YES;
				GCC_WARN_UNINITIALIZED_AUTOS = YES_AGGRESSIVE;
				GCC_WARN_UNUSED_FUNCTION = YES;
				GCC_WARN_UNUSED_VARIABLE = YES;
				IPHONEOS_DEPLOYMENT_TARGET = 9.2;
				MTL_ENABLE_DEBUG_INFO = YES;
				ONLY_ACTIVE_ARCH = YES;
				SDKROOT = iphoneos;
				TARGETED_DEVICE_FAMILY = "1,2";
			};
			name = Debug;
		};
		CBB4A4691C9224F600D81D95 /* Release */ = {
			isa = XCBuildConfiguration;
			buildSettings = {
				ALWAYS_SEARCH_USER_PATHS = NO;
				CLANG_CXX_LANGUAGE_STANDARD = "gnu++0x";
				CLANG_CXX_LIBRARY = "libc++";
				CLANG_ENABLE_MODULES = YES;
				CLANG_ENABLE_OBJC_ARC = YES;
				CLANG_WARN_BOOL_CONVERSION = YES;
				CLANG_WARN_CONSTANT_CONVERSION = YES;
				CLANG_WARN_DIRECT_OBJC_ISA_USAGE = YES_ERROR;
				CLANG_WARN_EMPTY_BODY = YES;
				CLANG_WARN_ENUM_CONVERSION = YES;
				CLANG_WARN_INT_CONVERSION = YES;
				CLANG_WARN_OBJC_ROOT_CLASS = YES_ERROR;
				CLANG_WARN_UNREACHABLE_CODE = YES;
				CLANG_WARN__DUPLICATE_METHOD_MATCH = YES;
				"CODE_SIGN_IDENTITY[sdk=iphoneos*]" = "iPhone Developer";
				COPY_PHASE_STRIP = NO;
				DEBUG_INFORMATION_FORMAT = "dwarf-with-dsym";
				ENABLE_NS_ASSERTIONS = NO;
				ENABLE_STRICT_OBJC_MSGSEND = YES;
				GCC_C_LANGUAGE_STANDARD = gnu99;
				GCC_NO_COMMON_BLOCKS = YES;
				GCC_WARN_64_TO_32_BIT_CONVERSION = YES;
				GCC_WARN_ABOUT_RETURN_TYPE = YES_ERROR;
				GCC_WARN_UNDECLARED_SELECTOR = YES;
				GCC_WARN_UNINITIALIZED_AUTOS = YES_AGGRESSIVE;
				GCC_WARN_UNUSED_FUNCTION = YES;
				GCC_WARN_UNUSED_VARIABLE = YES;
				IPHONEOS_DEPLOYMENT_TARGET = 9.2;
				MTL_ENABLE_DEBUG_INFO = NO;
				SDKROOT = iphoneos;
				TARGETED_DEVICE_FAMILY = "1,2";
				VALIDATE_PRODUCT = YES;
			};
			name = Release;
		};
		CBB4A46B1C9224F600D81D95 /* Debug */ = {
			isa = XCBuildConfiguration;
			buildSettings = {
				ASSETCATALOG_COMPILER_APPICON_NAME = AppIcon;
				CLANG_ENABLE_MODULES = YES;
				INFOPLIST_FILE = interop/Info.plist;
				LD_RUNPATH_SEARCH_PATHS = "$(inherited) @executable_path/Frameworks";
				PRODUCT_BUNDLE_IDENTIFIER = com.ikegps.spike.debug.interop;
				PRODUCT_NAME = "$(TARGET_NAME)";
				SWIFT_OBJC_BRIDGING_HEADER = "interop-Bridging-Header.h";
				SWIFT_OPTIMIZATION_LEVEL = "-Onone";
			};
			name = Debug;
		};
		CBB4A46C1C9224F600D81D95 /* Release */ = {
			isa = XCBuildConfiguration;
			buildSettings = {
				ASSETCATALOG_COMPILER_APPICON_NAME = AppIcon;
				CLANG_ENABLE_MODULES = YES;
				INFOPLIST_FILE = interop/Info.plist;
				LD_RUNPATH_SEARCH_PATHS = "$(inherited) @executable_path/Frameworks";
				PRODUCT_BUNDLE_IDENTIFIER = com.ikegps.spike.debug.interop;
				PRODUCT_NAME = "$(TARGET_NAME)";
				SWIFT_OBJC_BRIDGING_HEADER = "interop-Bridging-Header.h";
			};
			name = Release;
		};
		CBB4A46E1C9224F600D81D95 /* Debug */ = {
			isa = XCBuildConfiguration;
			buildSettings = {
				BUNDLE_LOADER = "$(TEST_HOST)";
				INFOPLIST_FILE = interopTests/Info.plist;
				LD_RUNPATH_SEARCH_PATHS = "$(inherited) @executable_path/Frameworks @loader_path/Frameworks";
				PRODUCT_BUNDLE_IDENTIFIER = com.ikegps.spike.debug.interopTests;
				PRODUCT_NAME = "$(TARGET_NAME)";
				TEST_HOST = "$(BUILT_PRODUCTS_DIR)/interop.app/interop";
			};
			name = Debug;
		};
		CBB4A46F1C9224F600D81D95 /* Release */ = {
			isa = XCBuildConfiguration;
			buildSettings = {
				BUNDLE_LOADER = "$(TEST_HOST)";
				INFOPLIST_FILE = interopTests/Info.plist;
				LD_RUNPATH_SEARCH_PATHS = "$(inherited) @executable_path/Frameworks @loader_path/Frameworks";
				PRODUCT_BUNDLE_IDENTIFIER = com.ikegps.spike.debug.interopTests;
				PRODUCT_NAME = "$(TARGET_NAME)";
				TEST_HOST = "$(BUILT_PRODUCTS_DIR)/interop.app/interop";
			};
			name = Release;
		};
/* End XCBuildConfiguration section */

/* Begin XCConfigurationList section */
		CBB4A4431C9224F600D81D95 /* Build configuration list for PBXProject "interop" */ = {
			isa = XCConfigurationList;
			buildConfigurations = (
				CBB4A4681C9224F600D81D95 /* Debug */,
				CBB4A4691C9224F600D81D95 /* Release */,
			);
			defaultConfigurationIsVisible = 0;
			defaultConfigurationName = Release;
		};
		CBB4A46A1C9224F600D81D95 /* Build configuration list for PBXNativeTarget "interop" */ = {
			isa = XCConfigurationList;
			buildConfigurations = (
				CBB4A46B1C9224F600D81D95 /* Debug */,
				CBB4A46C1C9224F600D81D95 /* Release */,
			);
			defaultConfigurationIsVisible = 0;
			defaultConfigurationName = Release;
		};
		CBB4A46D1C9224F600D81D95 /* Build configuration list for PBXNativeTarget "interopTests" */ = {
			isa = XCConfigurationList;
			buildConfigurations = (
				CBB4A46E1C9224F600D81D95 /* Debug */,
				CBB4A46F1C9224F600D81D95 /* Release */,
			);
			defaultConfigurationIsVisible = 0;
			defaultConfigurationName = Release;
		};
/* End XCConfigurationList section */
	};
	rootObject = CBB4A4401C9224F600D81D95 /* Project object */;
}
